
Microsoft Visual Studio Solution File, Format Version 12.00
# Visual Studio 15
VisualStudioVersion = 15.0.28307.779
MinimumVisualStudioVersion = 10.0.40219.1
Project("{FAE04EC0-301F-11D3-BF4B-00C04F79EFBC}") = "WorkRegister.Android", "WorkRegister\WorkRegister.Android\WorkRegister.Android.csproj", "{D126974A-765B-4E34-BC77-37F46E57BCD4}"
EndProject
Project("{FAE04EC0-301F-11D3-BF4B-00C04F79EFBC}") = "WorkRegister", "WorkRegister\WorkRegister\WorkRegister.csproj", "{7A27800D-B68B-4FE2-A767-5AB099DBB702}"
EndProject
Global
	GlobalSection(SolutionConfigurationPlatforms) = preSolution
		Debug|Any CPU = Debug|Any CPU
		Release|Any CPU = Release|Any CPU
	EndGlobalSection
	GlobalSection(ProjectConfigurationPlatforms) = postSolution
		{D126974A-765B-4E34-BC77-37F46E57BCD4}.Debug|Any CPU.ActiveCfg = Debug|Any CPU
		{D126974A-765B-4E34-BC77-37F46E57BCD4}.Debug|Any CPU.Build.0 = Debug|Any CPU
		{D126974A-765B-4E34-BC77-37F46E57BCD4}.Debug|Any CPU.Deploy.0 = Debug|Any CPU
		{D126974A-765B-4E34-BC77-37F46E57BCD4}.Release|Any CPU.ActiveCfg = Release|Any CPU
		{D126974A-765B-4E34-BC77-37F46E57BCD4}.Release|Any CPU.Build.0 = Release|Any CPU
		{D126974A-765B-4E34-BC77-37F46E57BCD4}.Release|Any CPU.Deploy.0 = Release|Any CPU
		{7A27800D-B68B-4FE2-A767-5AB099DBB702}.Debug|Any CPU.ActiveCfg = Debug|Any CPU
		{7A27800D-B68B-4FE2-A767-5AB099DBB702}.Debug|Any CPU.Build.0 = Debug|Any CPU
		{7A27800D-B68B-4FE2-A767-5AB099DBB702}.Debug|Any CPU.Deploy.0 = Debug|Any CPU
		{7A27800D-B68B-4FE2-A767-5AB099DBB702}.Release|Any CPU.ActiveCfg = Release|Any CPU
		{7A27800D-B68B-4FE2-A767-5AB099DBB702}.Release|Any CPU.Build.0 = Release|Any CPU
		{7A27800D-B68B-4FE2-A767-5AB099DBB702}.Release|Any CPU.Deploy.0 = Release|Any CPU
	EndGlobalSection
	GlobalSection(SolutionProperties) = preSolution
		HideSolutionNode = FALSE
	EndGlobalSection
	GlobalSection(ExtensibilityGlobals) = postSolution
		SolutionGuid = {992FA9B2-0FA6-491C-8D0B-FEE7D70840AF}
	EndGlobalSection
EndGlobal
